
Microsoft Visual Studio Solution File, Format Version 12.00
# Visual Studio 2012
Project("{FAE04EC0-301F-11D3-BF4B-00C04F79EFBC}") = "JeuEchec", "JeuEchec\JeuEchec.csproj", "{4A489111-0800-4172-993A-A38CAE05EF09}"
EndProject
Global
	GlobalSection(SolutionConfigurationPlatforms) = preSolution
		Debug|Any CPU = Debug|Any CPU
		Release|Any CPU = Release|Any CPU
	EndGlobalSection
	GlobalSection(ProjectConfigurationPlatforms) = postSolution
		{4A489111-0800-4172-993A-A38CAE05EF09}.Debug|Any CPU.ActiveCfg = Debug|Any CPU
		{4A489111-0800-4172-993A-A38CAE05EF09}.Debug|Any CPU.Build.0 = Debug|Any CPU
		{4A489111-0800-4172-993A-A38CAE05EF09}.Release|Any CPU.ActiveCfg = Release|Any CPU
		{4A489111-0800-4172-993A-A38CAE05EF09}.Release|Any CPU.Build.0 = Release|Any CPU
	EndGlobalSection
	GlobalSection(SolutionProperties) = preSolution
		HideSolutionNode = FALSE
	EndGlobalSection
EndGlobal
